
Microsoft Visual Studio Solution File, Format Version 12.00
# Visual Studio Version 17
VisualStudioVersion = 17.5.2.0
MinimumVisualStudioVersion = 10.0.40219.1
Project("{2150E333-8FDC-42A3-9474-1A3956D46DE8}") = "arrays", "arrays", "{F85B7FF0-47A2-A007-D6BD-4112BB0D5DF0}"
EndProject
Project("{2150E333-8FDC-42A3-9474-1A3956D46DE8}") = "code-examples", "code-examples", "{80E9FB9A-5C6E-8A85-7BBB-0A546C150066}"
EndProject
Project("{2150E333-8FDC-42A3-9474-1A3956D46DE8}") = "easy", "easy", "{18D405D4-5CB0-F0E8-A504-8FEA79446E57}"
EndProject
Project("{2150E333-8FDC-42A3-9474-1A3956D46DE8}") = "print-alternates", "print-alternates", "{748BA1AE-5ABC-DF82-E755-7C016930BE40}"
EndProject
Project("{FAE04EC0-301F-11D3-BF4B-00C04F79EFBC}") = "devgalop.learn.array.print-alternates", "arrays\code-examples\easy\print-alternates\devgalop.learn.array.print-alternates\devgalop.learn.array.print-alternates.csproj", "{266DBB9F-05EF-D7CE-85C2-CDA994C55DF7}"
EndProject
Project("{2150E333-8FDC-42A3-9474-1A3956D46DE8}") = "leaders", "leaders", "{E3837398-3FBB-4484-2AA0-7C365076FE45}"
EndProject
Project("{FAE04EC0-301F-11D3-BF4B-00C04F79EFBC}") = "devgalop.learn.array.leaders", "arrays\code-examples\easy\leaders\devgalop.learn.array.leaders\devgalop.learn.array.leaders.csproj", "{8B9C60A8-840A-44D4-A45B-8C6CDE552792}"
EndProject
Global
	GlobalSection(SolutionConfigurationPlatforms) = preSolution
		Debug|Any CPU = Debug|Any CPU
		Debug|x64 = Debug|x64
		Debug|x86 = Debug|x86
		Release|Any CPU = Release|Any CPU
		Release|x64 = Release|x64
		Release|x86 = Release|x86
	EndGlobalSection
	GlobalSection(ProjectConfigurationPlatforms) = postSolution
		{266DBB9F-05EF-D7CE-85C2-CDA994C55DF7}.Debug|Any CPU.ActiveCfg = Debug|Any CPU
		{266DBB9F-05EF-D7CE-85C2-CDA994C55DF7}.Debug|Any CPU.Build.0 = Debug|Any CPU
		{266DBB9F-05EF-D7CE-85C2-CDA994C55DF7}.Debug|x64.ActiveCfg = Debug|Any CPU
		{266DBB9F-05EF-D7CE-85C2-CDA994C55DF7}.Debug|x64.Build.0 = Debug|Any CPU
		{266DBB9F-05EF-D7CE-85C2-CDA994C55DF7}.Debug|x86.ActiveCfg = Debug|Any CPU
		{266DBB9F-05EF-D7CE-85C2-CDA994C55DF7}.Debug|x86.Build.0 = Debug|Any CPU
		{266DBB9F-05EF-D7CE-85C2-CDA994C55DF7}.Release|Any CPU.ActiveCfg = Release|Any CPU
		{266DBB9F-05EF-D7CE-85C2-CDA994C55DF7}.Release|Any CPU.Build.0 = Release|Any CPU
		{266DBB9F-05EF-D7CE-85C2-CDA994C55DF7}.Release|x64.ActiveCfg = Release|Any CPU
		{266DBB9F-05EF-D7CE-85C2-CDA994C55DF7}.Release|x64.Build.0 = Release|Any CPU
		{266DBB9F-05EF-D7CE-85C2-CDA994C55DF7}.Release|x86.ActiveCfg = Release|Any CPU
		{266DBB9F-05EF-D7CE-85C2-CDA994C55DF7}.Release|x86.Build.0 = Release|Any CPU
		{8B9C60A8-840A-44D4-A45B-8C6CDE552792}.Debug|Any CPU.ActiveCfg = Debug|Any CPU
		{8B9C60A8-840A-44D4-A45B-8C6CDE552792}.Debug|Any CPU.Build.0 = Debug|Any CPU
		{8B9C60A8-840A-44D4-A45B-8C6CDE552792}.Debug|x64.ActiveCfg = Debug|Any CPU
		{8B9C60A8-840A-44D4-A45B-8C6CDE552792}.Debug|x64.Build.0 = Debug|Any CPU
		{8B9C60A8-840A-44D4-A45B-8C6CDE552792}.Debug|x86.ActiveCfg = Debug|Any CPU
		{8B9C60A8-840A-44D4-A45B-8C6CDE552792}.Debug|x86.Build.0 = Debug|Any CPU
		{8B9C60A8-840A-44D4-A45B-8C6CDE552792}.Release|Any CPU.ActiveCfg = Release|Any CPU
		{8B9C60A8-840A-44D4-A45B-8C6CDE552792}.Release|Any CPU.Build.0 = Release|Any CPU
		{8B9C60A8-840A-44D4-A45B-8C6CDE552792}.Release|x64.ActiveCfg = Release|Any CPU
		{8B9C60A8-840A-44D4-A45B-8C6CDE552792}.Release|x64.Build.0 = Release|Any CPU
		{8B9C60A8-840A-44D4-A45B-8C6CDE552792}.Release|x86.ActiveCfg = Release|Any CPU
		{8B9C60A8-840A-44D4-A45B-8C6CDE552792}.Release|x86.Build.0 = Release|Any CPU
	EndGlobalSection
	GlobalSection(SolutionProperties) = preSolution
		HideSolutionNode = FALSE
	EndGlobalSection
	GlobalSection(NestedProjects) = preSolution
		{80E9FB9A-5C6E-8A85-7BBB-0A546C150066} = {F85B7FF0-47A2-A007-D6BD-4112BB0D5DF0}
		{18D405D4-5CB0-F0E8-A504-8FEA79446E57} = {80E9FB9A-5C6E-8A85-7BBB-0A546C150066}
		{748BA1AE-5ABC-DF82-E755-7C016930BE40} = {18D405D4-5CB0-F0E8-A504-8FEA79446E57}
		{266DBB9F-05EF-D7CE-85C2-CDA994C55DF7} = {748BA1AE-5ABC-DF82-E755-7C016930BE40}
		{E3837398-3FBB-4484-2AA0-7C365076FE45} = {18D405D4-5CB0-F0E8-A504-8FEA79446E57}
		{8B9C60A8-840A-44D4-A45B-8C6CDE552792} = {E3837398-3FBB-4484-2AA0-7C365076FE45}
	EndGlobalSection
	GlobalSection(ExtensibilityGlobals) = postSolution
		SolutionGuid = {0D7F1150-5C88-49F2-8964-86E12ECC1EAE}
	EndGlobalSection
EndGlobal
